
Microsoft Visual Studio Solution File, Format Version 12.00
# Visual Studio Version 16
VisualStudioVersion = 16.0.29920.165
MinimumVisualStudioVersion = 10.0.40219.1
Project("{FAE04EC0-301F-11D3-BF4B-00C04F79EFBC}") = "TazeDirektWpf", "TazeDirektWpf\TazeDirektWpf.csproj", "{70FAF099-1B1A-483B-8459-F98BB7857E03}"
EndProject
Global
	GlobalSection(SolutionConfigurationPlatforms) = preSolution
		Debug|Any CPU = Debug|Any CPU
		Release|Any CPU = Release|Any CPU
	EndGlobalSection
	GlobalSection(ProjectConfigurationPlatforms) = postSolution
		{70FAF099-1B1A-483B-8459-F98BB7857E03}.Debug|Any CPU.ActiveCfg = Debug|Any CPU
		{70FAF099-1B1A-483B-8459-F98BB7857E03}.Debug|Any CPU.Build.0 = Debug|Any CPU
		{70FAF099-1B1A-483B-8459-F98BB7857E03}.Release|Any CPU.ActiveCfg = Release|Any CPU
		{70FAF099-1B1A-483B-8459-F98BB7857E03}.Release|Any CPU.Build.0 = Release|Any CPU
	EndGlobalSection
	GlobalSection(SolutionProperties) = preSolution
		HideSolutionNode = FALSE
	EndGlobalSection
	GlobalSection(ExtensibilityGlobals) = postSolution
		SolutionGuid = {A7CCBB13-DDBB-417D-A9E8-ABFBE1A64474}
	EndGlobalSection
EndGlobal
